{
	"name": "demos",
	"version": "1.0.0",
	"lockfileVersion": 1,
	"requires": true,
	"dependencies": {
		"@danmarshall/jscad-typings": {
			"version": "1.0.0",
			"resolved": "https://registry.npmjs.org/@danmarshall/jscad-typings/-/jscad-typings-1.0.0.tgz",
			"integrity": "sha512-MGGIGDItK2UQSsz7yTrXErQXDAFXR3UPxyQ7WZ5RHOwnv60CBXjmkJlXYMYPkSvo+7fUuQL2/ODcvECtc/fi9g=="
		},
		"@types/bezier-js": {
			"version": "0.0.6",
			"resolved": "https://registry.npmjs.org/@types/bezier-js/-/bezier-js-0.0.6.tgz",
			"integrity": "sha1-DZdtaBY8SVUzLveYohoLPWOB0Ss="
		},
		"@types/marked": {
			"version": "0.0.28",
			"resolved": "https://registry.npmjs.org/@types/marked/-/marked-0.0.28.tgz",
			"integrity": "sha1-RLp1Tp+lFDJYPo6zCnxN0km1L6o=",
			"dev": true
		},
		"@types/node": {
			"version": "10.17.16",
			"resolved": "https://registry.npmjs.org/@types/node/-/node-10.17.16.tgz",
			"integrity": "sha512-A4283YSA1OmnIivcpy/4nN86YlnKRiQp8PYwI2KdPCONEBN093QTb0gCtERtkLyVNGKKIGazTZ2nAmVzQU51zA==",
			"dev": true
		},
		"@types/opentype.js": {
			"version": "0.7.2",
			"resolved": "https://registry.npmjs.org/@types/opentype.js/-/opentype.js-0.7.2.tgz",
			"integrity": "sha512-Riz6WyBUBEFs7YqSsJya3SbDHJZ6BmMkY7bzNoue6rtwj+RNilLc+mgOX/eJ0Y0asq16FSU6DatBeOg8ZMy2UQ=="
		},
		"@types/pdfkit": {
			"version": "0.7.36",
			"resolved": "https://registry.npmjs.org/@types/pdfkit/-/pdfkit-0.7.36.tgz",
			"integrity": "sha512-9eRA6MuW+n78yU3HhoIrDxjyAX2++B5MpLDYqHOnaRTquCw+5sYXT+QN8E1eSaxvNUwlRfU3tOm4UzTeGWmBqg==",
			"requires": {
				"@types/node": "*"
			},
			"dependencies": {
				"@types/node": {
					"version": "13.7.4",
					"resolved": "https://registry.npmjs.org/@types/node/-/node-13.7.4.tgz",
					"integrity": "sha512-oVeL12C6gQS/GAExndigSaLxTrKpQPxewx9bOcwfvJiJge4rr7wNaph4J+ns5hrmIV2as5qxqN8YKthn9qh0jw=="
				}
			}
		},
		"acorn": {
			"version": "7.4.1",
			"resolved": "https://registry.npmjs.org/acorn/-/acorn-7.4.1.tgz",
			"integrity": "sha512-nQyp0o1/mNdbTO1PO6kHkwSrmgZ0MT/jCCpNiwbUjGoRN4dlBhqJtoQuCnEOKzgTVwg0ZWiCoQy6SxMebQVh8A==",
			"dev": true
		},
		"acorn-node": {
			"version": "1.8.2",
			"resolved": "https://registry.npmjs.org/acorn-node/-/acorn-node-1.8.2.tgz",
			"integrity": "sha512-8mt+fslDufLYntIoPAaIMUe/lrbrehIiwmR3t2k9LljIzoigEPF27eLk2hy8zSGzmR/ogr7zbRKINMo1u0yh5A==",
			"dev": true,
			"requires": {
				"acorn": "^7.0.0",
				"acorn-walk": "^7.0.0",
				"xtend": "^4.0.2"
			}
		},
		"acorn-walk": {
			"version": "7.1.1",
			"resolved": "https://registry.npmjs.org/acorn-walk/-/acorn-walk-7.1.1.tgz",
			"integrity": "sha512-wdlPY2tm/9XBr7QkKlq0WQVgiuGTX6YWPyRyBviSoScBuLfTVQhvwg6wJ369GJ/1nPfTLMfnrFIfjqVg6d+jQQ==",
			"dev": true
		},
		"bezier-js": {
			"version": "2.5.1",
			"resolved": "https://registry.npmjs.org/bezier-js/-/bezier-js-2.5.1.tgz",
			"integrity": "sha512-a+U+hOQWIx1aM37TZLGbAH1Hw0YdsuBTWYNlFudz/V/CvOM56gl5RyPoH0pUwuIqg1LAhDtoA3uRVYl0ZJpi5w=="
		},
		"clone": {
			"version": "1.0.4",
			"resolved": "https://registry.npmjs.org/clone/-/clone-1.0.4.tgz",
			"integrity": "sha1-2jCcwmPfFZlMaIypAheco8fNfH4="
		},
		"defined": {
			"version": "1.0.0",
			"resolved": "https://registry.npmjs.org/defined/-/defined-1.0.0.tgz",
			"integrity": "sha1-yY2bzvdWdBiOEQlpFRGZ45sfppM="
		},
		"detective": {
			"version": "5.2.0",
			"resolved": "https://registry.npmjs.org/detective/-/detective-5.2.0.tgz",
			"integrity": "sha512-6SsIx+nUUbuK0EthKjv0zrdnajCCXVYGmbYYiYjFVpzcjwEs/JMDZ8tPRG29J/HhN56t3GJp2cGSWDRjjot8Pg==",
			"dev": true,
			"requires": {
				"acorn-node": "^1.6.1",
				"defined": "^1.0.0",
				"minimist": "^1.1.1"
			}
		},
		"graham_scan": {
			"version": "1.0.4",
			"resolved": "https://registry.npmjs.org/graham_scan/-/graham_scan-1.0.4.tgz",
			"integrity": "sha1-OZZR3R+DU+GID1nqjl+Uud9Mkoo="
		},
		"kdbush": {
			"version": "2.0.1",
			"resolved": "https://registry.npmjs.org/kdbush/-/kdbush-2.0.1.tgz",
			"integrity": "sha512-9KqSdmWCkBIisFIGclT0FRagKhI7IVbMyUjsxCFG0Ly1Dg6whlxJ7b9lrq8ifk3X/fGeJzok1R75LQfZTfA5zQ=="
		},
		"makerjs": {
			"version": "0.11.2",
			"resolved": "https://registry.npmjs.org/makerjs/-/makerjs-0.11.2.tgz",
			"integrity": "sha512-hlRtqfQcfvN0w5At7ZJnL2N2bVYvI4xIeXPivsDcstAN7NdCVOYabRqqTcGzo5zyUwwB7orUTC8OTjKeTy+2YA==",
			"requires": {
				"@danmarshall/jscad-typings": "^1.0.0",
				"@types/bezier-js": "^0.0.6",
				"@types/node": "^7.0.5",
				"@types/opentype.js": "^0.7.0",
				"@types/pdfkit": "^0.7.34",
				"bezier-js": "^2.1.0",
				"clone": "^1.0.2",
				"graham_scan": "^1.0.4",
				"kdbush": "^2.0.1"
			},
			"dependencies": {
				"@types/node": {
					"version": "7.10.14",
					"resolved": "https://registry.npmjs.org/@types/node/-/node-7.10.14.tgz",
					"integrity": "sha512-29GS75BE8asnTno3yB6ubOJOO0FboExEqNJy4bpz0GSmW/8wPTNL4h9h63c6s1uTrOopCmJYe/4yJLh5r92ZUA=="
				}
			}
		},
		"makerjs-band-clamp": {
			"version": "1.0.0",
			"resolved": "https://registry.npmjs.org/makerjs-band-clamp/-/makerjs-band-clamp-1.0.0.tgz",
			"integrity": "sha1-5RaVZQ/cJXury88s+iD4IVFyOSQ=",
			"requires": {
				"makerjs": "^0.6.9",
				"makerjs-half-band-clamp": "^1.0.0"
			},
			"dependencies": {
				"makerjs": {
					"version": "0.6.10",
					"resolved": "https://registry.npmjs.org/makerjs/-/makerjs-0.6.10.tgz",
					"integrity": "sha1-u4+wQCTylVwtHiEFBSHrU4JTguU="
				}
			}
		},
		"makerjs-double-band-clamp": {
			"version": "1.0.0",
			"resolved": "https://registry.npmjs.org/makerjs-double-band-clamp/-/makerjs-double-band-clamp-1.0.0.tgz",
			"integrity": "sha1-gpCG12pXQ8WSNfuC10WZm5jLSoI=",
			"requires": {
				"makerjs": "^0.9.17",
				"makerjs-half-band-clamp": "^1.0.0"
			},
			"dependencies": {
				"@types/node": {
					"version": "7.10.9",
					"resolved": "https://registry.npmjs.org/@types/node/-/node-7.10.9.tgz",
					"integrity": "sha512-usSpgoUsRtO5xNV5YEPU8PPnHisFx8u0rokj1BPVn/hDF7zwUDzVLiuKZM38B7z8V2111Fj6kd4rGtQFUZpNOw=="
				},
				"@types/opentype.js": {
					"version": "0.0.0",
					"resolved": "https://registry.npmjs.org/@types/opentype.js/-/opentype.js-0.0.0.tgz",
					"integrity": "sha1-AvZD18Y8Pr9PZG/GBa5Gg/hJrxs="
				},
				"makerjs": {
					"version": "0.9.93",
					"resolved": "https://registry.npmjs.org/makerjs/-/makerjs-0.9.93.tgz",
					"integrity": "sha512-XztS2tJEpL01dsZ5P11kGO2MitrD6MsSvkNDS3uUDVN9SVDJn33Q2j9DFruJsiRtqNVRseLK52vkkbWKtLB/tA==",
					"requires": {
						"@types/bezier-js": "^0.0.6",
						"@types/node": "^7.0.5",
						"@types/opentype.js": "^0.0.0",
						"@types/pdfkit": "^0.7.34",
						"bezier-js": "^2.1.0",
						"clone": "^1.0.2",
						"graham_scan": "^1.0.4"
					}
				}
			}
		},
		"makerjs-half-band-clamp": {
			"version": "1.0.0",
			"resolved": "https://registry.npmjs.org/makerjs-half-band-clamp/-/makerjs-half-band-clamp-1.0.0.tgz",
			"integrity": "sha1-AEb+APN+MbxIuknYlsqmd6kS2Ps=",
			"requires": {
				"makerjs": "^0.6.9"
			},
			"dependencies": {
				"makerjs": {
					"version": "0.6.10",
					"resolved": "https://registry.npmjs.org/makerjs/-/makerjs-0.6.10.tgz",
					"integrity": "sha1-u4+wQCTylVwtHiEFBSHrU4JTguU="
				}
			}
		},
		"makerjs-heart": {
			"version": "1.0.1",
			"resolved": "https://registry.npmjs.org/makerjs-heart/-/makerjs-heart-1.0.1.tgz",
			"integrity": "sha1-BxtRl4D/pBYt8iaPNm5LWKJr/Sw=",
			"requires": {
				"makerjs": "^0.6.1"
			},
			"dependencies": {
				"makerjs": {
					"version": "0.6.10",
					"resolved": "https://registry.npmjs.org/makerjs/-/makerjs-0.6.10.tgz",
					"integrity": "sha1-u4+wQCTylVwtHiEFBSHrU4JTguU="
				}
			}
		},
		"makerjs-logo": {
			"version": "2.0.0",
			"resolved": "https://registry.npmjs.org/makerjs-logo/-/makerjs-logo-2.0.0.tgz",
			"integrity": "sha1-yGE7jUJPHhxUzcLSiX4qNnJ62jM=",
			"requires": {
				"makerjs": "^0.7.2"
			},
			"dependencies": {
				"makerjs": {
					"version": "0.7.7",
					"resolved": "https://registry.npmjs.org/makerjs/-/makerjs-0.7.7.tgz",
					"integrity": "sha1-FYOwJsvlxT5xiaFDXJBpp/OZJ2s=",
					"requires": {
						"clone": "^1.0.2"
					}
				}
			}
		},
		"makerjs-monotext": {
			"version": "1.2.5",
			"resolved": "https://registry.npmjs.org/makerjs-monotext/-/makerjs-monotext-1.2.5.tgz",
			"integrity": "sha1-fV4CMMv+K4IUapZG1IkGZvgc8QU=",
			"requires": {
				"makerjs": "^0.4.1"
			},
			"dependencies": {
				"makerjs": {
					"version": "0.4.3",
					"resolved": "https://registry.npmjs.org/makerjs/-/makerjs-0.4.3.tgz",
					"integrity": "sha1-UGudYE1QchlJ59aKR8bNPwki+3k="
				}
			}
		},
		"makerjs-nameplate": {
			"version": "1.1.2",
			"resolved": "https://registry.npmjs.org/makerjs-nameplate/-/makerjs-nameplate-1.1.2.tgz",
			"integrity": "sha1-jnvtr1V8A15QuT8jyUGc6SfcBdA=",
			"requires": {
				"makerjs": "^0.9.15",
				"opentype.js": "^0.6.5"
			},
			"dependencies": {
				"@types/node": {
					"version": "7.10.9",
					"resolved": "https://registry.npmjs.org/@types/node/-/node-7.10.9.tgz",
					"integrity": "sha512-usSpgoUsRtO5xNV5YEPU8PPnHisFx8u0rokj1BPVn/hDF7zwUDzVLiuKZM38B7z8V2111Fj6kd4rGtQFUZpNOw=="
				},
				"@types/opentype.js": {
					"version": "0.0.0",
					"resolved": "https://registry.npmjs.org/@types/opentype.js/-/opentype.js-0.0.0.tgz",
					"integrity": "sha1-AvZD18Y8Pr9PZG/GBa5Gg/hJrxs="
				},
				"makerjs": {
					"version": "0.9.93",
					"resolved": "https://registry.npmjs.org/makerjs/-/makerjs-0.9.93.tgz",
					"integrity": "sha512-XztS2tJEpL01dsZ5P11kGO2MitrD6MsSvkNDS3uUDVN9SVDJn33Q2j9DFruJsiRtqNVRseLK52vkkbWKtLB/tA==",
					"requires": {
						"@types/bezier-js": "^0.0.6",
						"@types/node": "^7.0.5",
						"@types/opentype.js": "^0.0.0",
						"@types/pdfkit": "^0.7.34",
						"bezier-js": "^2.1.0",
						"clone": "^1.0.2",
						"graham_scan": "^1.0.4"
					}
				},
				"opentype.js": {
					"version": "0.6.9",
					"resolved": "https://registry.npmjs.org/opentype.js/-/opentype.js-0.6.9.tgz",
					"integrity": "sha1-602yH/WKErLbeKZS16S/lgUlMIk=",
					"requires": {
						"tiny-inflate": "^1.0.2"
					}
				}
			}
		},
		"makerjs-polygon-rimbox": {
			"version": "1.0.2",
			"resolved": "https://registry.npmjs.org/makerjs-polygon-rimbox/-/makerjs-polygon-rimbox-1.0.2.tgz",
			"integrity": "sha1-RgYXYis78fc6BAe6TH/Ls/MuKoY=",
			"requires": {
				"makerjs": "^0.6.1"
			},
			"dependencies": {
				"makerjs": {
					"version": "0.6.10",
					"resolved": "https://registry.npmjs.org/makerjs/-/makerjs-0.6.10.tgz",
					"integrity": "sha1-u4+wQCTylVwtHiEFBSHrU4JTguU="
				}
			}
		},
		"makerjs-raster": {
			"version": "1.0.1",
			"resolved": "https://registry.npmjs.org/makerjs-raster/-/makerjs-raster-1.0.1.tgz",
			"integrity": "sha512-xBTP/OjQl0GT5P+0N4xmmMDRpaj5Tm2gX5QK0KRrzgCTJ0aXEx5GRisOB4In6PXf+Su8g4gjgPGEo1n61bhjjg==",
			"requires": {
				"makerjs": "^0.12.0"
			},
			"dependencies": {
				"@types/node": {
					"version": "7.10.9",
					"resolved": "https://registry.npmjs.org/@types/node/-/node-7.10.9.tgz",
					"integrity": "sha512-usSpgoUsRtO5xNV5YEPU8PPnHisFx8u0rokj1BPVn/hDF7zwUDzVLiuKZM38B7z8V2111Fj6kd4rGtQFUZpNOw=="
				},
				"makerjs": {
					"version": "0.12.1",
					"resolved": "https://registry.npmjs.org/makerjs/-/makerjs-0.12.1.tgz",
					"integrity": "sha512-0fkt26RtDGHfksP4jw1iYWykslKrhiU4MUK0UFT/KGSW/cDZmb8d9IE0uhuAzsDXp+gS4LMe2KYHkTnG1z8H2Q==",
					"requires": {
						"@danmarshall/jscad-typings": "^1.0.0",
						"@types/bezier-js": "^0.0.6",
						"@types/node": "^7.0.5",
						"@types/opentype.js": "^0.7.0",
						"@types/pdfkit": "^0.7.34",
						"bezier-js": "^2.1.0",
						"clone": "^1.0.2",
						"graham_scan": "^1.0.4",
						"kdbush": "^2.0.1"
					}
				}
			}
		},
		"makerjs-rimbox": {
			"version": "1.1.5",
			"resolved": "https://registry.npmjs.org/makerjs-rimbox/-/makerjs-rimbox-1.1.5.tgz",
			"integrity": "sha1-bVa/VCLbtV8x5OCrV0C5zJKbQH8=",
			"requires": {
				"makerjs": "^0.3.3"
			},
			"dependencies": {
				"makerjs": {
					"version": "0.3.3",
					"resolved": "https://registry.npmjs.org/makerjs/-/makerjs-0.3.3.tgz",
					"integrity": "sha1-aVIedeonIJGSdBmgd3sYI3BN0No="
				}
			}
		},
		"makerjs-smile": {
			"version": "1.2.1",
			"resolved": "https://registry.npmjs.org/makerjs-smile/-/makerjs-smile-1.2.1.tgz",
			"integrity": "sha1-G1Xm0eP7LpK7HVlDzWXysLPE8BY=",
			"requires": {
				"makerjs": "^0.2.0"
			},
			"dependencies": {
				"makerjs": {
					"version": "0.2.2",
					"resolved": "https://registry.npmjs.org/makerjs/-/makerjs-0.2.2.tgz",
					"integrity": "sha1-tbez6PzAvkde3xZQK+gYZegAAKU="
				}
			}
		},
		"makerjs-spiral": {
			"version": "1.0.2",
			"resolved": "https://registry.npmjs.org/makerjs-spiral/-/makerjs-spiral-1.0.2.tgz",
			"integrity": "sha1-qsYNnJ5kRCmjbQ9DG3g9GDRoRSs=",
			"requires": {
				"makerjs": "^0.6.3"
			},
			"dependencies": {
				"makerjs": {
					"version": "0.6.10",
					"resolved": "https://registry.npmjs.org/makerjs/-/makerjs-0.6.10.tgz",
					"integrity": "sha1-u4+wQCTylVwtHiEFBSHrU4JTguU="
				}
			}
		},
		"makerjs-spoke-wedge": {
			"version": "1.0.1",
			"resolved": "https://registry.npmjs.org/makerjs-spoke-wedge/-/makerjs-spoke-wedge-1.0.1.tgz",
			"integrity": "sha1-jjKkMsGr5Wa6QWFzESNOrFfZqAg=",
			"requires": {
				"makerjs": "^0.6.3"
			},
			"dependencies": {
				"makerjs": {
					"version": "0.6.10",
					"resolved": "https://registry.npmjs.org/makerjs/-/makerjs-0.6.10.tgz",
					"integrity": "sha1-u4+wQCTylVwtHiEFBSHrU4JTguU="
				}
			}
		},
		"makerjs-spokes-flared": {
			"version": "1.0.3",
			"resolved": "https://registry.npmjs.org/makerjs-spokes-flared/-/makerjs-spokes-flared-1.0.3.tgz",
			"integrity": "sha1-hB3cvGzDXGO7C1kASDR4eMhQWjc=",
			"requires": {
				"makerjs": "^0.6.3",
				"makerjs-spoke-wedge": "^1.0.1"
			},
			"dependencies": {
				"makerjs": {
					"version": "0.6.10",
					"resolved": "https://registry.npmjs.org/makerjs/-/makerjs-0.6.10.tgz",
					"integrity": "sha1-u4+wQCTylVwtHiEFBSHrU4JTguU="
				}
			}
		},
		"makerjs-spokes-straight": {
			"version": "1.1.1",
			"resolved": "https://registry.npmjs.org/makerjs-spokes-straight/-/makerjs-spokes-straight-1.1.1.tgz",
			"integrity": "sha1-Cw2e3sy91pWosVlLNqpAtTLLMaI=",
			"requires": {
				"makerjs": "^0.6.3",
				"makerjs-spoke-wedge": "^1.0.1"
			},
			"dependencies": {
				"makerjs": {
					"version": "0.6.10",
					"resolved": "https://registry.npmjs.org/makerjs/-/makerjs-0.6.10.tgz",
					"integrity": "sha1-u4+wQCTylVwtHiEFBSHrU4JTguU="
				}
			}
		},
		"makerjs-ventgrid": {
			"version": "1.1.1",
			"resolved": "https://registry.npmjs.org/makerjs-ventgrid/-/makerjs-ventgrid-1.1.1.tgz",
			"integrity": "sha1-/JJVwHo+SupaypcIj8zwyZCNR/c=",
			"requires": {
				"makerjs": "^0.2.0"
			},
			"dependencies": {
				"makerjs": {
					"version": "0.2.2",
					"resolved": "https://registry.npmjs.org/makerjs/-/makerjs-0.2.2.tgz",
					"integrity": "sha1-tbez6PzAvkde3xZQK+gYZegAAKU="
				}
			}
		},
		"makerjs-ventgridcircle": {
			"version": "1.1.3",
			"resolved": "https://registry.npmjs.org/makerjs-ventgridcircle/-/makerjs-ventgridcircle-1.1.3.tgz",
			"integrity": "sha1-DFJtvqP+OjbyZdB5pIQeZswSC4g=",
			"requires": {
				"makerjs": "^0.2.1",
				"makerjs-ventgrid": "^1.1.1"
			},
			"dependencies": {
				"makerjs": {
					"version": "0.2.2",
					"resolved": "https://registry.npmjs.org/makerjs/-/makerjs-0.2.2.tgz",
					"integrity": "sha1-tbez6PzAvkde3xZQK+gYZegAAKU="
				}
			}
		},
		"makerjs-wrap-text": {
			"version": "git+https://github.com/danmarshall/makerjs-wrap-text.git#c451db7ebd6bebf222514415daaddf790403dd72",
			"from": "git+https://github.com/danmarshall/makerjs-wrap-text.git",
			"requires": {
				"makerjs": "^0.11.0",
				"opentype-layout": "^1.1.0"
			}
		},
		"minimist": {
			"version": "1.2.6",
			"resolved": "https://registry.npmjs.org/minimist/-/minimist-1.2.6.tgz",
			"integrity": "sha512-Jsjnk4bw3YJqYzbdyBiNsPWHPfO++UGG749Cxs6peCu5Xg4nrena6OVxOYxrQTqww0Jmwt+Ref8rggumkTLz9Q==",
			"dev": true
		},
		"object-assign": {
			"version": "4.1.1",
			"resolved": "https://registry.npmjs.org/object-assign/-/object-assign-4.1.1.tgz",
			"integrity": "sha1-IQmtx5ZYh8/AXLvUQsrIv7s2CGM="
		},
		"opentype-layout": {
			"version": "1.1.0",
			"resolved": "https://registry.npmjs.org/opentype-layout/-/opentype-layout-1.1.0.tgz",
			"integrity": "sha1-IJJsgEFOZcdvMwEnRJoUPUlqA9w=",
			"requires": {
				"defined": "^1.0.0",
				"object-assign": "^4.1.0",
				"word-wrapper": "^1.0.7"
			}
		},
		"opentype.js": {
			"version": "0.9.0",
			"resolved": "https://registry.npmjs.org/opentype.js/-/opentype.js-0.9.0.tgz",
			"integrity": "sha1-wdmNoqGzZOPv2ugGI2QOnj71t5c=",
			"dev": true,
			"requires": {
				"string.prototype.codepointat": "^0.2.1",
				"tiny-inflate": "^1.0.2"
			}
		},
		"string.prototype.codepointat": {
			"version": "0.2.1",
			"resolved": "https://registry.npmjs.org/string.prototype.codepointat/-/string.prototype.codepointat-0.2.1.tgz",
			"integrity": "sha512-2cBVCj6I4IOvEnjgO/hWqXjqBGsY+zwPmHl12Srk9IXSZ56Jwwmy+66XO5Iut/oQVR7t5ihYdLB0GMa4alEUcg==",
			"dev": true
		},
		"tiny-inflate": {
			"version": "1.0.3",
			"resolved": "https://registry.npmjs.org/tiny-inflate/-/tiny-inflate-1.0.3.tgz",
			"integrity": "sha512-pkY1fj1cKHb2seWDy0B16HeWyczlJA9/WW3u3c4z/NiWDsO3DOU5D7nhTLE9CF0yXv/QZFY7sEJmj24dK+Rrqw=="
		},
		"word-wrapper": {
			"version": "1.0.7",
			"resolved": "https://registry.npmjs.org/word-wrapper/-/word-wrapper-1.0.7.tgz",
			"integrity": "sha1-HxSv6/Zt/fD+9V79NxhO+9CMKLY="
		},
		"xtend": {
			"version": "4.0.2",
			"resolved": "https://registry.npmjs.org/xtend/-/xtend-4.0.2.tgz",
			"integrity": "sha512-LKYU1iAXJXUgAXn9URjiu+MWhyUXHsvfp7mcuYm9dSUKK0/CjtrUwFAxD82/mCWbtLsGjFIad0wIsod4zrTAEQ==",
			"dev": true
		}
	}
}
