{
	"name": "playground",
	"version": "1.0.0",
	"lockfileVersion": 1,
	"requires": true,
	"dependencies": {
		"@types/codemirror": {
			"version": "0.0.38",
			"resolved": "https://registry.npmjs.org/@types/codemirror/-/codemirror-0.0.38.tgz",
			"integrity": "sha1-0HrUW6ykmfNxUUVYV60IgEJ0CR4="
		},
		"@types/marked": {
			"version": "0.0.28",
			"resolved": "https://registry.npmjs.org/@types/marked/-/marked-0.0.28.tgz",
			"integrity": "sha1-RLp1Tp+lFDJYPo6zCnxN0km1L6o="
		},
		"@types/node": {
			"version": "7.10.14",
			"resolved": "https://registry.npmjs.org/@types/node/-/node-7.10.14.tgz",
			"integrity": "sha512-29GS75BE8asnTno3yB6ubOJOO0FboExEqNJy4bpz0GSmW/8wPTNL4h9h63c6s1uTrOopCmJYe/4yJLh5r92ZUA=="
		},
		"@types/opentype.js": {
			"version": "0.7.2",
			"resolved": "https://registry.npmjs.org/@types/opentype.js/-/opentype.js-0.7.2.tgz",
			"integrity": "sha512-Riz6WyBUBEFs7YqSsJya3SbDHJZ6BmMkY7bzNoue6rtwj+RNilLc+mgOX/eJ0Y0asq16FSU6DatBeOg8ZMy2UQ=="
		}
	}
}
