{
	"name": "makerjs",
	"version": "0.17.0",
	"lockfileVersion": 1,
	"requires": true,
	"dependencies": {
		"@danmarshall/jscad-typings": {
			"version": "1.0.0",
			"resolved": "https://registry.npmjs.org/@danmarshall/jscad-typings/-/jscad-typings-1.0.0.tgz",
			"integrity": "sha512-MGGIGDItK2UQSsz7yTrXErQXDAFXR3UPxyQ7WZ5RHOwnv60CBXjmkJlXYMYPkSvo+7fUuQL2/ODcvECtc/fi9g=="
		},
		"@jscad/csg": {
			"version": "0.3.8",
			"resolved": "https://registry.npmjs.org/@jscad/csg/-/csg-0.3.8.tgz",
			"integrity": "sha512-mWbJI7zVv+2aYUXrQkTrjiNQZ5HFEAhbNK3HObm3m6d2+k4OffIzFlqmEYKUp0xE+K8rokSOcrTIGBqfzlJR7A==",
			"dev": true
		},
		"@jscad/io-utils": {
			"version": "0.1.3",
			"resolved": "https://registry.npmjs.org/@jscad/io-utils/-/io-utils-0.1.3.tgz",
			"integrity": "sha512-aCVUZovewI4njtEJ1fvjhasqd8EHIzQaPb88MtFWf/ff1NdGOu/vRH3yGG8vu0NZektGEDCKp028g2nTBL7aFg==",
			"dev": true
		},
		"@jscad/stl-serializer": {
			"version": "0.1.3",
			"resolved": "https://registry.npmjs.org/@jscad/stl-serializer/-/stl-serializer-0.1.3.tgz",
			"integrity": "sha512-Zdrluf82TnBL6hHm28DfQGpjHHuN69XONH8SYwF0x3gnr5q+281erj+NRgH5odHYuxmetVNgoT5G1c654cIJag==",
			"dev": true,
			"requires": {
				"@jscad/io-utils": "^0.1.3"
			}
		},
		"@types/bezier-js": {
			"version": "0.0.6",
			"resolved": "https://registry.npmjs.org/@types/bezier-js/-/bezier-js-0.0.6.tgz",
			"integrity": "sha1-DZdtaBY8SVUzLveYohoLPWOB0Ss="
		},
		"@types/graham_scan": {
			"version": "1.0.28",
			"resolved": "https://registry.npmjs.org/@types/graham_scan/-/graham_scan-1.0.28.tgz",
			"integrity": "sha1-dC6BZzZeViorca51Ov4jXqpP7ew=",
			"dev": true
		},
		"@types/node": {
			"version": "7.10.14",
			"resolved": "https://registry.npmjs.org/@types/node/-/node-7.10.14.tgz",
			"integrity": "sha512-29GS75BE8asnTno3yB6ubOJOO0FboExEqNJy4bpz0GSmW/8wPTNL4h9h63c6s1uTrOopCmJYe/4yJLh5r92ZUA=="
		},
		"@types/opentype.js": {
			"version": "0.7.2",
			"resolved": "https://registry.npmjs.org/@types/opentype.js/-/opentype.js-0.7.2.tgz",
			"integrity": "sha512-Riz6WyBUBEFs7YqSsJya3SbDHJZ6BmMkY7bzNoue6rtwj+RNilLc+mgOX/eJ0Y0asq16FSU6DatBeOg8ZMy2UQ=="
		},
		"@types/pdfkit": {
			"version": "0.7.36",
			"resolved": "https://registry.npmjs.org/@types/pdfkit/-/pdfkit-0.7.36.tgz",
			"integrity": "sha512-9eRA6MuW+n78yU3HhoIrDxjyAX2++B5MpLDYqHOnaRTquCw+5sYXT+QN8E1eSaxvNUwlRfU3tOm4UzTeGWmBqg==",
			"requires": {
				"@types/node": "*"
			}
		},
		"bezier-js": {
			"version": "2.6.1",
			"resolved": "https://registry.npmjs.org/bezier-js/-/bezier-js-2.6.1.tgz",
			"integrity": "sha512-jelZM33eNzcZ9snJ/5HqJLw3IzXvA8RFcBjkdOB8SDYyOvW8Y2tTosojAiBTnD1MhbHoWUYNbxUXxBl61TxbRg=="
		},
		"clone": {
			"version": "1.0.4",
			"resolved": "https://registry.npmjs.org/clone/-/clone-1.0.4.tgz",
			"integrity": "sha1-2jCcwmPfFZlMaIypAheco8fNfH4="
		},
		"dxf-parser-typings": {
			"version": "1.3.0",
			"resolved": "https://registry.npmjs.org/dxf-parser-typings/-/dxf-parser-typings-1.3.0.tgz",
			"integrity": "sha512-ctHwtmHYPNLOHh7Wd8VAjB5Sn+NUJvyLWcJHM33JvdbSmzSbhacAC1Fd5FELyW3M0Pb7/ImVpGdWVk4sg3IDhw==",
			"dev": true,
			"requires": {
				"indefinitely-typed": "^1.0.2"
			}
		},
		"fs-extra": {
			"version": "7.0.1",
			"resolved": "https://registry.npmjs.org/fs-extra/-/fs-extra-7.0.1.tgz",
			"integrity": "sha512-YJDaCJZEnBmcbw13fvdAM9AwNOJwOzrE4pqMqBq5nFiEqXUqHwlK4B+3pUw6JNvfSPtX05xFHtYy/1ni01eGCw==",
			"dev": true,
			"requires": {
				"graceful-fs": "^4.1.2",
				"jsonfile": "^4.0.0",
				"universalify": "^0.1.0"
			}
		},
		"graceful-fs": {
			"version": "4.2.4",
			"resolved": "https://registry.npmjs.org/graceful-fs/-/graceful-fs-4.2.4.tgz",
			"integrity": "sha512-WjKPNJF79dtJAVniUlGGWHYGz2jWxT6VhN/4m1NdkbZ2nOsEF+cI1Edgql5zCRhs/VsQYRvrXctxktVXZUkixw==",
			"dev": true
		},
		"graham_scan": {
			"version": "1.0.4",
			"resolved": "https://registry.npmjs.org/graham_scan/-/graham_scan-1.0.4.tgz",
			"integrity": "sha1-OZZR3R+DU+GID1nqjl+Uud9Mkoo="
		},
		"indefinitely-typed": {
			"version": "1.1.0",
			"resolved": "https://registry.npmjs.org/indefinitely-typed/-/indefinitely-typed-1.1.0.tgz",
			"integrity": "sha512-giaI0hCj+wWZIZZLsmWHI+LrM4Hwc+rEZ/VrgCafKePcnE42fLnQTFt4xspqLin8fCjI5WnQr2fep/0EFqjaxw==",
			"dev": true,
			"requires": {
				"fs-extra": "^7.0.0",
				"minimist": "^1.2.5"
			}
		},
		"jsonfile": {
			"version": "4.0.0",
			"resolved": "https://registry.npmjs.org/jsonfile/-/jsonfile-4.0.0.tgz",
			"integrity": "sha1-h3Gq4HmbZAdrdmQPygWPnBDjPss=",
			"dev": true,
			"requires": {
				"graceful-fs": "^4.1.6"
			}
		},
		"kdbush": {
			"version": "2.0.1",
			"resolved": "https://registry.npmjs.org/kdbush/-/kdbush-2.0.1.tgz",
			"integrity": "sha512-9KqSdmWCkBIisFIGclT0FRagKhI7IVbMyUjsxCFG0Ly1Dg6whlxJ7b9lrq8ifk3X/fGeJzok1R75LQfZTfA5zQ=="
		},
		"minimist": {
			"version": "1.2.5",
			"resolved": "https://registry.npmjs.org/minimist/-/minimist-1.2.5.tgz",
			"integrity": "sha512-FM9nNUYrRBAELZQT3xeZQ7fmMOBg6nWNmJKTcgsJeaLstP/UODVpGsr5OhXhhXg6f+qtJ8uiZ+PUxkDWcgIXLw==",
			"dev": true
		},
		"universalify": {
			"version": "0.1.2",
			"resolved": "https://registry.npmjs.org/universalify/-/universalify-0.1.2.tgz",
			"integrity": "sha512-rBJeI5CXAlmy1pV+617WB9J63U6XcazHHF2f2dbJix4XzpUF0RS3Zbj0FGIOCAva5P/d/GBOYaACQ1w+0azUkg==",
			"dev": true
		}
	}
}
